// !$*UTF8*$!
{
	archiveVersion = 1;
	classes = {
	};
	objectVersion = 55;
	objects = {

/* Begin PBXBuildFile section */
		8507F1B528F62914004ABFFF /* Storage.swift in Sources */ = {isa = PBXBuildFile; fileRef = 8507F1B428F62914004ABFFF /* Storage.swift */; };
		8507F1B728F634DA004ABFFF /* Chistaya_arkhitektura.pdf in Resources */ = {isa = PBXBuildFile; fileRef = 8507F1B628F634DA004ABFFF /* Chistaya_arkhitektura.pdf */; };
		8507F1BB28F736B8004ABFFF /* ScreenOnboardingViewController.swift in Sources */ = {isa = PBXBuildFile; fileRef = 8507F1BA28F736B8004ABFFF /* ScreenOnboardingViewController.swift */; };
		8507F1BF28F73704004ABFFF /* Onboarding.swift in Sources */ = {isa = PBXBuildFile; fileRef = 8507F1BE28F73704004ABFFF /* Onboarding.swift */; };
		8507F1C228F7593C004ABFFF /* OnboardingPageViewController.swift in Sources */ = {isa = PBXBuildFile; fileRef = 8507F1C128F7593C004ABFFF /* OnboardingPageViewController.swift */; };
		8509DA7F28F0D4FB006FBF94 /* AppDelegate.swift in Sources */ = {isa = PBXBuildFile; fileRef = 8509DA7E28F0D4FB006FBF94 /* AppDelegate.swift */; };
		8509DA8128F0D4FB006FBF94 /* SceneDelegate.swift in Sources */ = {isa = PBXBuildFile; fileRef = 8509DA8028F0D4FB006FBF94 /* SceneDelegate.swift */; };
		8509DA8628F0D4FB006FBF94 /* Main.storyboard in Resources */ = {isa = PBXBuildFile; fileRef = 8509DA8428F0D4FB006FBF94 /* Main.storyboard */; };
		8509DA8828F0D4FD006FBF94 /* Assets.xcassets in Resources */ = {isa = PBXBuildFile; fileRef = 8509DA8728F0D4FD006FBF94 /* Assets.xcassets */; };
		8509DA8B28F0D4FD006FBF94 /* LaunchScreen.storyboard in Resources */ = {isa = PBXBuildFile; fileRef = 8509DA8928F0D4FD006FBF94 /* LaunchScreen.storyboard */; };
		8509DA9428F0DA99006FBF94 /* MainTabBarController.swift in Sources */ = {isa = PBXBuildFile; fileRef = 8509DA9328F0DA99006FBF94 /* MainTabBarController.swift */; };
		8509DA9628F0DBCA006FBF94 /* BuyViewController.swift in Sources */ = {isa = PBXBuildFile; fileRef = 8509DA9528F0DBCA006FBF94 /* BuyViewController.swift */; };
		8509DA9828F0DBE7006FBF94 /* ForYouViewController.swift in Sources */ = {isa = PBXBuildFile; fileRef = 8509DA9728F0DBE7006FBF94 /* ForYouViewController.swift */; };
		8509DA9A28F0DC04006FBF94 /* SearchViewController.swift in Sources */ = {isa = PBXBuildFile; fileRef = 8509DA9928F0DC04006FBF94 /* SearchViewController.swift */; };
		8509DA9C28F0DC3D006FBF94 /* CartViewController.swift in Sources */ = {isa = PBXBuildFile; fileRef = 8509DA9B28F0DC3D006FBF94 /* CartViewController.swift */; };
		8509DA9E28F23928006FBF94 /* Product.swift in Sources */ = {isa = PBXBuildFile; fileRef = 8509DA9D28F23928006FBF94 /* Product.swift */; };
		8509DAA028F242BF006FBF94 /* ProductViewController.swift in Sources */ = {isa = PBXBuildFile; fileRef = 8509DA9F28F242BF006FBF94 /* ProductViewController.swift */; };
		8509DAD228F445E0006FBF94 /* WebViewController.swift in Sources */ = {isa = PBXBuildFile; fileRef = 8509DAD128F445DF006FBF94 /* WebViewController.swift */; };
/* End PBXBuildFile section */

/* Begin PBXFileReference section */
		8507F1B428F62914004ABFFF /* Storage.swift */ = {isa = PBXFileReference; lastKnownFileType = sourcecode.swift; path = Storage.swift; sourceTree = "<group>"; };
		8507F1B628F634DA004ABFFF /* Chistaya_arkhitektura.pdf */ = {isa = PBXFileReference; lastKnownFileType = image.pdf; path = Chistaya_arkhitektura.pdf; sourceTree = "<group>"; };
		8507F1BA28F736B8004ABFFF /* ScreenOnboardingViewController.swift */ = {isa = PBXFileReference; lastKnownFileType = sourcecode.swift; path = ScreenOnboardingViewController.swift; sourceTree = "<group>"; };
		8507F1BE28F73704004ABFFF /* Onboarding.swift */ = {isa = PBXFileReference; lastKnownFileType = sourcecode.swift; path = Onboarding.swift; sourceTree = "<group>"; };
		8507F1C128F7593C004ABFFF /* OnboardingPageViewController.swift */ = {isa = PBXFileReference; lastKnownFileType = sourcecode.swift; path = OnboardingPageViewController.swift; sourceTree = "<group>"; };
		8509DA7B28F0D4FB006FBF94 /* Store.app */ = {isa = PBXFileReference; explicitFileType = wrapper.application; includeInIndex = 0; path = Store.app; sourceTree = BUILT_PRODUCTS_DIR; };
		8509DA7E28F0D4FB006FBF94 /* AppDelegate.swift */ = {isa = PBXFileReference; lastKnownFileType = sourcecode.swift; path = AppDelegate.swift; sourceTree = "<group>"; };
		8509DA8028F0D4FB006FBF94 /* SceneDelegate.swift */ = {isa = PBXFileReference; lastKnownFileType = sourcecode.swift; path = SceneDelegate.swift; sourceTree = "<group>"; };
		8509DA8528F0D4FB006FBF94 /* Base */ = {isa = PBXFileReference; lastKnownFileType = file.storyboard; name = Base; path = Base.lproj/Main.storyboard; sourceTree = "<group>"; };
		8509DA8728F0D4FD006FBF94 /* Assets.xcassets */ = {isa = PBXFileReference; lastKnownFileType = folder.assetcatalog; path = Assets.xcassets; sourceTree = "<group>"; };
		8509DA8A28F0D4FD006FBF94 /* Base */ = {isa = PBXFileReference; lastKnownFileType = file.storyboard; name = Base; path = Base.lproj/LaunchScreen.storyboard; sourceTree = "<group>"; };
		8509DA8C28F0D4FD006FBF94 /* Info.plist */ = {isa = PBXFileReference; lastKnownFileType = text.plist.xml; path = Info.plist; sourceTree = "<group>"; };
		8509DA9328F0DA99006FBF94 /* MainTabBarController.swift */ = {isa = PBXFileReference; lastKnownFileType = sourcecode.swift; path = MainTabBarController.swift; sourceTree = "<group>"; };
		8509DA9528F0DBCA006FBF94 /* BuyViewController.swift */ = {isa = PBXFileReference; lastKnownFileType = sourcecode.swift; path = BuyViewController.swift; sourceTree = "<group>"; };
		8509DA9728F0DBE7006FBF94 /* ForYouViewController.swift */ = {isa = PBXFileReference; lastKnownFileType = sourcecode.swift; path = ForYouViewController.swift; sourceTree = "<group>"; };
		8509DA9928F0DC04006FBF94 /* SearchViewController.swift */ = {isa = PBXFileReference; lastKnownFileType = sourcecode.swift; path = SearchViewController.swift; sourceTree = "<group>"; };
		8509DA9B28F0DC3D006FBF94 /* CartViewController.swift */ = {isa = PBXFileReference; lastKnownFileType = sourcecode.swift; path = CartViewController.swift; sourceTree = "<group>"; };
		8509DA9D28F23928006FBF94 /* Product.swift */ = {isa = PBXFileReference; lastKnownFileType = sourcecode.swift; path = Product.swift; sourceTree = "<group>"; };
		8509DA9F28F242BF006FBF94 /* ProductViewController.swift */ = {isa = PBXFileReference; lastKnownFileType = sourcecode.swift; path = ProductViewController.swift; sourceTree = "<group>"; };
		8509DAD128F445DF006FBF94 /* WebViewController.swift */ = {isa = PBXFileReference; lastKnownFileType = sourcecode.swift; path = WebViewController.swift; sourceTree = "<group>"; };
/* End PBXFileReference section */

/* Begin PBXFrameworksBuildPhase section */
		8509DA7828F0D4FA006FBF94 /* Frameworks */ = {
			isa = PBXFrameworksBuildPhase;
			buildActionMask = 2147483647;
			files = (
			);
			runOnlyForDeploymentPostprocessing = 0;
		};
/* End PBXFrameworksBuildPhase section */

/* Begin PBXGroup section */
		8507F1B928F735FE004ABFFF /* ScreenOnboardingViewController */ = {
			isa = PBXGroup;
			children = (
				8507F1BD28F736C8004ABFFF /* Model */,
				8507F1BC28F736BD004ABFFF /* ViewController */,
			);
			path = ScreenOnboardingViewController;
			sourceTree = "<group>";
		};
		8507F1BC28F736BD004ABFFF /* ViewController */ = {
			isa = PBXGroup;
			children = (
				8507F1BA28F736B8004ABFFF /* ScreenOnboardingViewController.swift */,
			);
			path = ViewController;
			sourceTree = "<group>";
		};
		8507F1BD28F736C8004ABFFF /* Model */ = {
			isa = PBXGroup;
			children = (
				8507F1BE28F73704004ABFFF /* Onboarding.swift */,
			);
			path = Model;
			sourceTree = "<group>";
		};
		8507F1C028F75930004ABFFF /* OnboardingPageViewController */ = {
			isa = PBXGroup;
			children = (
				8507F1C128F7593C004ABFFF /* OnboardingPageViewController.swift */,
			);
			path = OnboardingPageViewController;
			sourceTree = "<group>";
		};
		8509DA7228F0D4FA006FBF94 = {
			isa = PBXGroup;
			children = (
				8509DA7D28F0D4FB006FBF94 /* Store */,
				8509DA7C28F0D4FB006FBF94 /* Products */,
			);
			sourceTree = "<group>";
		};
		8509DA7C28F0D4FB006FBF94 /* Products */ = {
			isa = PBXGroup;
			children = (
				8509DA7B28F0D4FB006FBF94 /* Store.app */,
			);
			name = Products;
			sourceTree = "<group>";
		};
		8509DA7D28F0D4FB006FBF94 /* Store */ = {
			isa = PBXGroup;
			children = (
				8509DA7E28F0D4FB006FBF94 /* AppDelegate.swift */,
				8509DA8028F0D4FB006FBF94 /* SceneDelegate.swift */,
				8509DA8428F0D4FB006FBF94 /* Main.storyboard */,
				8509DAB428F3076E006FBF94 /* BuyViewController */,
				8509DAB528F30976006FBF94 /* ForYouViewController */,
				8509DAB628F30985006FBF94 /* SearchViewController */,
				8509DAB928F309A5006FBF94 /* CartViewController */,
				8509DABA28F309B4006FBF94 /* ProductViewController */,
				8509DAD028F445D3006FBF94 /* WebViewController */,
				8507F1B928F735FE004ABFFF /* ScreenOnboardingViewController */,
				8507F1C028F75930004ABFFF /* OnboardingPageViewController */,
				8509DAB328F305D9006FBF94 /* CoreKit */,
				8509DA8728F0D4FD006FBF94 /* Assets.xcassets */,
				8509DA8928F0D4FD006FBF94 /* LaunchScreen.storyboard */,
				8509DA8C28F0D4FD006FBF94 /* Info.plist */,
				8507F1B428F62914004ABFFF /* Storage.swift */,
				8507F1B628F634DA004ABFFF /* Chistaya_arkhitektura.pdf */,
			);
			path = Store;
			sourceTree = "<group>";
		};
		8509DAB328F305D9006FBF94 /* CoreKit */ = {
			isa = PBXGroup;
			children = (
				8509DA9328F0DA99006FBF94 /* MainTabBarController.swift */,
			);
			path = CoreKit;
			sourceTree = "<group>";
		};
		8509DAB428F3076E006FBF94 /* BuyViewController */ = {
			isa = PBXGroup;
			children = (
				8509DA9528F0DBCA006FBF94 /* BuyViewController.swift */,
			);
			path = BuyViewController;
			sourceTree = "<group>";
		};
		8509DAB528F30976006FBF94 /* ForYouViewController */ = {
			isa = PBXGroup;
			children = (
				8509DA9728F0DBE7006FBF94 /* ForYouViewController.swift */,
			);
			path = ForYouViewController;
			sourceTree = "<group>";
		};
		8509DAB628F30985006FBF94 /* SearchViewController */ = {
			isa = PBXGroup;
			children = (
				8509DAB828F30996006FBF94 /* Model */,
				8509DAB728F3098E006FBF94 /* ViewController */,
			);
			path = SearchViewController;
			sourceTree = "<group>";
		};
		8509DAB728F3098E006FBF94 /* ViewController */ = {
			isa = PBXGroup;
			children = (
				8509DA9928F0DC04006FBF94 /* SearchViewController.swift */,
			);
			path = ViewController;
			sourceTree = "<group>";
		};
		8509DAB828F30996006FBF94 /* Model */ = {
			isa = PBXGroup;
			children = (
				8509DA9D28F23928006FBF94 /* Product.swift */,
			);
			path = Model;
			sourceTree = "<group>";
		};
		8509DAB928F309A5006FBF94 /* CartViewController */ = {
			isa = PBXGroup;
			children = (
				8509DA9B28F0DC3D006FBF94 /* CartViewController.swift */,
			);
			path = CartViewController;
			sourceTree = "<group>";
		};
		8509DABA28F309B4006FBF94 /* ProductViewController */ = {
			isa = PBXGroup;
			children = (
				8509DA9F28F242BF006FBF94 /* ProductViewController.swift */,
			);
			path = ProductViewController;
			sourceTree = "<group>";
		};
		8509DAD028F445D3006FBF94 /* WebViewController */ = {
			isa = PBXGroup;
			children = (
				8509DAD128F445DF006FBF94 /* WebViewController.swift */,
			);
			path = WebViewController;
			sourceTree = "<group>";
		};
/* End PBXGroup section */

/* Begin PBXNativeTarget section */
		8509DA7A28F0D4FA006FBF94 /* Store */ = {
			isa = PBXNativeTarget;
			buildConfigurationList = 8509DA8F28F0D4FD006FBF94 /* Build configuration list for PBXNativeTarget "Store" */;
			buildPhases = (
				8509DA9228F0D5F5006FBF94 /* SwiftLint */,
				8509DA7728F0D4FA006FBF94 /* Sources */,
				8509DA7828F0D4FA006FBF94 /* Frameworks */,
				8509DA7928F0D4FA006FBF94 /* Resources */,
			);
			buildRules = (
			);
			dependencies = (
			);
			name = Store;
			productName = Store;
			productReference = 8509DA7B28F0D4FB006FBF94 /* Store.app */;
			productType = "com.apple.product-type.application";
		};
/* End PBXNativeTarget section */

/* Begin PBXProject section */
		8509DA7328F0D4FA006FBF94 /* Project object */ = {
			isa = PBXProject;
			attributes = {
				BuildIndependentTargetsInParallel = 1;
				LastSwiftUpdateCheck = 1340;
				LastUpgradeCheck = 1340;
				TargetAttributes = {
					8509DA7A28F0D4FA006FBF94 = {
						CreatedOnToolsVersion = 13.4.1;
					};
				};
			};
			buildConfigurationList = 8509DA7628F0D4FA006FBF94 /* Build configuration list for PBXProject "Store" */;
			compatibilityVersion = "Xcode 13.0";
			developmentRegion = en;
			hasScannedForEncodings = 0;
			knownRegions = (
				en,
				Base,
			);
			mainGroup = 8509DA7228F0D4FA006FBF94;
			productRefGroup = 8509DA7C28F0D4FB006FBF94 /* Products */;
			projectDirPath = "";
			projectRoot = "";
			targets = (
				8509DA7A28F0D4FA006FBF94 /* Store */,
			);
		};
/* End PBXProject section */

/* Begin PBXResourcesBuildPhase section */
		8509DA7928F0D4FA006FBF94 /* Resources */ = {
			isa = PBXResourcesBuildPhase;
			buildActionMask = 2147483647;
			files = (
				8509DA8B28F0D4FD006FBF94 /* LaunchScreen.storyboard in Resources */,
				8507F1B728F634DA004ABFFF /* Chistaya_arkhitektura.pdf in Resources */,
				8509DA8828F0D4FD006FBF94 /* Assets.xcassets in Resources */,
				8509DA8628F0D4FB006FBF94 /* Main.storyboard in Resources */,
			);
			runOnlyForDeploymentPostprocessing = 0;
		};
/* End PBXResourcesBuildPhase section */

/* Begin PBXShellScriptBuildPhase section */
		8509DA9228F0D5F5006FBF94 /* SwiftLint */ = {
			isa = PBXShellScriptBuildPhase;
			buildActionMask = 2147483647;
			files = (
			);
			inputFileListPaths = (
			);
			inputPaths = (
			);
			name = SwiftLint;
			outputFileListPaths = (
			);
			outputPaths = (
			);
			runOnlyForDeploymentPostprocessing = 0;
			shellPath = /bin/sh;
			shellScript = "export PATH=\"$PATH:/opt/homebrew/bin\"\nif which swiftlint > /dev/null; then\n  swiftlint\nelse\n  echo \"warning: SwiftLint not installed, download from https://github.com/realm/SwiftLint\"\nfi\n";
		};
/* End PBXShellScriptBuildPhase section */

/* Begin PBXSourcesBuildPhase section */
		8509DA7728F0D4FA006FBF94 /* Sources */ = {
			isa = PBXSourcesBuildPhase;
			buildActionMask = 2147483647;
			files = (
				8509DA9A28F0DC04006FBF94 /* SearchViewController.swift in Sources */,
				8507F1B528F62914004ABFFF /* Storage.swift in Sources */,
				8509DA9E28F23928006FBF94 /* Product.swift in Sources */,
				8509DA9628F0DBCA006FBF94 /* BuyViewController.swift in Sources */,
				8507F1C228F7593C004ABFFF /* OnboardingPageViewController.swift in Sources */,
				8509DAD228F445E0006FBF94 /* WebViewController.swift in Sources */,
				8509DA9828F0DBE7006FBF94 /* ForYouViewController.swift in Sources */,
				8509DA9C28F0DC3D006FBF94 /* CartViewController.swift in Sources */,
				8507F1BB28F736B8004ABFFF /* ScreenOnboardingViewController.swift in Sources */,
				8507F1BF28F73704004ABFFF /* Onboarding.swift in Sources */,
				8509DA7F28F0D4FB006FBF94 /* AppDelegate.swift in Sources */,
				8509DA8128F0D4FB006FBF94 /* SceneDelegate.swift in Sources */,
				8509DAA028F242BF006FBF94 /* ProductViewController.swift in Sources */,
				8509DA9428F0DA99006FBF94 /* MainTabBarController.swift in Sources */,
			);
			runOnlyForDeploymentPostprocessing = 0;
		};
/* End PBXSourcesBuildPhase section */

/* Begin PBXVariantGroup section */
		8509DA8428F0D4FB006FBF94 /* Main.storyboard */ = {
			isa = PBXVariantGroup;
			children = (
				8509DA8528F0D4FB006FBF94 /* Base */,
			);
			name = Main.storyboard;
			sourceTree = "<group>";
		};
		8509DA8928F0D4FD006FBF94 /* LaunchScreen.storyboard */ = {
			isa = PBXVariantGroup;
			children = (
				8509DA8A28F0D4FD006FBF94 /* Base */,
			);
			name = LaunchScreen.storyboard;
			sourceTree = "<group>";
		};
/* End PBXVariantGroup section */

/* Begin XCBuildConfiguration section */
		8509DA8D28F0D4FD006FBF94 /* Debug */ = {
			isa = XCBuildConfiguration;
			buildSettings = {
				ALWAYS_SEARCH_USER_PATHS = NO;
				CLANG_ANALYZER_NONNULL = YES;
				CLANG_ANALYZER_NUMBER_OBJECT_CONVERSION = YES_AGGRESSIVE;
				CLANG_CXX_LANGUAGE_STANDARD = "gnu++17";
				CLANG_ENABLE_MODULES = YES;
				CLANG_ENABLE_OBJC_ARC = YES;
				CLANG_ENABLE_OBJC_WEAK = YES;
				CLANG_WARN_BLOCK_CAPTURE_AUTORELEASING = YES;
				CLANG_WARN_BOOL_CONVERSION = YES;
				CLANG_WARN_COMMA = YES;
				CLANG_WARN_CONSTANT_CONVERSION = YES;
				CLANG_WARN_DEPRECATED_OBJC_IMPLEMENTATIONS = YES;
				CLANG_WARN_DIRECT_OBJC_ISA_USAGE = YES_ERROR;
				CLANG_WARN_DOCUMENTATION_COMMENTS = YES;
				CLANG_WARN_EMPTY_BODY = YES;
				CLANG_WARN_ENUM_CONVERSION = YES;
				CLANG_WARN_INFINITE_RECURSION = YES;
				CLANG_WARN_INT_CONVERSION = YES;
				CLANG_WARN_NON_LITERAL_NULL_CONVERSION = YES;
				CLANG_WARN_OBJC_IMPLICIT_RETAIN_SELF = YES;
				CLANG_WARN_OBJC_LITERAL_CONVERSION = YES;
				CLANG_WARN_OBJC_ROOT_CLASS = YES_ERROR;
				CLANG_WARN_QUOTED_INCLUDE_IN_FRAMEWORK_HEADER = YES;
				CLANG_WARN_RANGE_LOOP_ANALYSIS = YES;
				CLANG_WARN_STRICT_PROTOTYPES = YES;
				CLANG_WARN_SUSPICIOUS_MOVE = YES;
				CLANG_WARN_UNGUARDED_AVAILABILITY = YES_AGGRESSIVE;
				CLANG_WARN_UNREACHABLE_CODE = YES;
				CLANG_WARN__DUPLICATE_METHOD_MATCH = YES;
				COPY_PHASE_STRIP = NO;
				DEBUG_INFORMATION_FORMAT = dwarf;
				ENABLE_STRICT_OBJC_MSGSEND = YES;
				ENABLE_TESTABILITY = YES;
				GCC_C_LANGUAGE_STANDARD = gnu11;
				GCC_DYNAMIC_NO_PIC = NO;
				GCC_NO_COMMON_BLOCKS = YES;
				GCC_OPTIMIZATION_LEVEL = 0;
				GCC_PREPROCESSOR_DEFINITIONS = (
					"DEBUG=1",
					"$(inherited)",
				);
				GCC_WARN_64_TO_32_BIT_CONVERSION = YES;
				GCC_WARN_ABOUT_RETURN_TYPE = YES_ERROR;
				GCC_WARN_UNDECLARED_SELECTOR = YES;
				GCC_WARN_UNINITIALIZED_AUTOS = YES_AGGRESSIVE;
				GCC_WARN_UNUSED_FUNCTION = YES;
				GCC_WARN_UNUSED_VARIABLE = YES;
				IPHONEOS_DEPLOYMENT_TARGET = 15.5;
				MTL_ENABLE_DEBUG_INFO = INCLUDE_SOURCE;
				MTL_FAST_MATH = YES;
				ONLY_ACTIVE_ARCH = YES;
				SDKROOT = iphoneos;
				SWIFT_ACTIVE_COMPILATION_CONDITIONS = DEBUG;
				SWIFT_OPTIMIZATION_LEVEL = "-Onone";
			};
			name = Debug;
		};
		8509DA8E28F0D4FD006FBF94 /* Release */ = {
			isa = XCBuildConfiguration;
			buildSettings = {
				ALWAYS_SEARCH_USER_PATHS = NO;
				CLANG_ANALYZER_NONNULL = YES;
				CLANG_ANALYZER_NUMBER_OBJECT_CONVERSION = YES_AGGRESSIVE;
				CLANG_CXX_LANGUAGE_STANDARD = "gnu++17";
				CLANG_ENABLE_MODULES = YES;
				CLANG_ENABLE_OBJC_ARC = YES;
				CLANG_ENABLE_OBJC_WEAK = YES;
				CLANG_WARN_BLOCK_CAPTURE_AUTORELEASING = YES;
				CLANG_WARN_BOOL_CONVERSION = YES;
				CLANG_WARN_COMMA = YES;
				CLANG_WARN_CONSTANT_CONVERSION = YES;
				CLANG_WARN_DEPRECATED_OBJC_IMPLEMENTATIONS = YES;
				CLANG_WARN_DIRECT_OBJC_ISA_USAGE = YES_ERROR;
				CLANG_WARN_DOCUMENTATION_COMMENTS = YES;
				CLANG_WARN_EMPTY_BODY = YES;
				CLANG_WARN_ENUM_CONVERSION = YES;
				CLANG_WARN_INFINITE_RECURSION = YES;
				CLANG_WARN_INT_CONVERSION = YES;
				CLANG_WARN_NON_LITERAL_NULL_CONVERSION = YES;
				CLANG_WARN_OBJC_IMPLICIT_RETAIN_SELF = YES;
				CLANG_WARN_OBJC_LITERAL_CONVERSION = YES;
				CLANG_WARN_OBJC_ROOT_CLASS = YES_ERROR;
				CLANG_WARN_QUOTED_INCLUDE_IN_FRAMEWORK_HEADER = YES;
				CLANG_WARN_RANGE_LOOP_ANALYSIS = YES;
				CLANG_WARN_STRICT_PROTOTYPES = YES;
				CLANG_WARN_SUSPICIOUS_MOVE = YES;
				CLANG_WARN_UNGUARDED_AVAILABILITY = YES_AGGRESSIVE;
				CLANG_WARN_UNREACHABLE_CODE = YES;
				CLANG_WARN__DUPLICATE_METHOD_MATCH = YES;
				COPY_PHASE_STRIP = NO;
				DEBUG_INFORMATION_FORMAT = "dwarf-with-dsym";
				ENABLE_NS_ASSERTIONS = NO;
				ENABLE_STRICT_OBJC_MSGSEND = YES;
				GCC_C_LANGUAGE_STANDARD = gnu11;
				GCC_NO_COMMON_BLOCKS = YES;
				GCC_WARN_64_TO_32_BIT_CONVERSION = YES;
				GCC_WARN_ABOUT_RETURN_TYPE = YES_ERROR;
				GCC_WARN_UNDECLARED_SELECTOR = YES;
				GCC_WARN_UNINITIALIZED_AUTOS = YES_AGGRESSIVE;
				GCC_WARN_UNUSED_FUNCTION = YES;
				GCC_WARN_UNUSED_VARIABLE = YES;
				IPHONEOS_DEPLOYMENT_TARGET = 15.5;
				MTL_ENABLE_DEBUG_INFO = NO;
				MTL_FAST_MATH = YES;
				SDKROOT = iphoneos;
				SWIFT_COMPILATION_MODE = wholemodule;
				SWIFT_OPTIMIZATION_LEVEL = "-O";
				VALIDATE_PRODUCT = YES;
			};
			name = Release;
		};
		8509DA9028F0D4FD006FBF94 /* Debug */ = {
			isa = XCBuildConfiguration;
			buildSettings = {
				ASSETCATALOG_COMPILER_APPICON_NAME = AppIcon;
				ASSETCATALOG_COMPILER_GLOBAL_ACCENT_COLOR_NAME = AccentColor;
				CODE_SIGN_STYLE = Automatic;
				CURRENT_PROJECT_VERSION = 1;
				DEVELOPMENT_TEAM = P29BZ53K6N;
				GENERATE_INFOPLIST_FILE = YES;
				INFOPLIST_FILE = Store/Info.plist;
				INFOPLIST_KEY_UIApplicationSupportsIndirectInputEvents = YES;
				INFOPLIST_KEY_UILaunchStoryboardName = LaunchScreen;
				INFOPLIST_KEY_UIMainStoryboardFile = Main;
				INFOPLIST_KEY_UISupportedInterfaceOrientations_iPad = "UIInterfaceOrientationPortrait UIInterfaceOrientationPortraitUpsideDown UIInterfaceOrientationLandscapeLeft UIInterfaceOrientationLandscapeRight";
				INFOPLIST_KEY_UISupportedInterfaceOrientations_iPhone = "UIInterfaceOrientationPortrait UIInterfaceOrientationLandscapeLeft UIInterfaceOrientationLandscapeRight";
				LD_RUNPATH_SEARCH_PATHS = (
					"$(inherited)",
					"@executable_path/Frameworks",
				);
				MARKETING_VERSION = 1.0;
				PRODUCT_BUNDLE_IDENTIFIER = sa.Store;
				PRODUCT_NAME = "$(TARGET_NAME)";
				SWIFT_EMIT_LOC_STRINGS = YES;
				SWIFT_VERSION = 5.0;
				TARGETED_DEVICE_FAMILY = "1,2";
			};
			name = Debug;
		};
		8509DA9128F0D4FD006FBF94 /* Release */ = {
			isa = XCBuildConfiguration;
			buildSettings = {
				ASSETCATALOG_COMPILER_APPICON_NAME = AppIcon;
				ASSETCATALOG_COMPILER_GLOBAL_ACCENT_COLOR_NAME = AccentColor;
				CODE_SIGN_STYLE = Automatic;
				CURRENT_PROJECT_VERSION = 1;
				DEVELOPMENT_TEAM = P29BZ53K6N;
				GENERATE_INFOPLIST_FILE = YES;
				INFOPLIST_FILE = Store/Info.plist;
				INFOPLIST_KEY_UIApplicationSupportsIndirectInputEvents = YES;
				INFOPLIST_KEY_UILaunchStoryboardName = LaunchScreen;
				INFOPLIST_KEY_UIMainStoryboardFile = Main;
				INFOPLIST_KEY_UISupportedInterfaceOrientations_iPad = "UIInterfaceOrientationPortrait UIInterfaceOrientationPortraitUpsideDown UIInterfaceOrientationLandscapeLeft UIInterfaceOrientationLandscapeRight";
				INFOPLIST_KEY_UISupportedInterfaceOrientations_iPhone = "UIInterfaceOrientationPortrait UIInterfaceOrientationLandscapeLeft UIInterfaceOrientationLandscapeRight";
				LD_RUNPATH_SEARCH_PATHS = (
					"$(inherited)",
					"@executable_path/Frameworks",
				);
				MARKETING_VERSION = 1.0;
				PRODUCT_BUNDLE_IDENTIFIER = sa.Store;
				PRODUCT_NAME = "$(TARGET_NAME)";
				SWIFT_EMIT_LOC_STRINGS = YES;
				SWIFT_VERSION = 5.0;
				TARGETED_DEVICE_FAMILY = "1,2";
			};
			name = Release;
		};
/* End XCBuildConfiguration section */

/* Begin XCConfigurationList section */
		8509DA7628F0D4FA006FBF94 /* Build configuration list for PBXProject "Store" */ = {
			isa = XCConfigurationList;
			buildConfigurations = (
				8509DA8D28F0D4FD006FBF94 /* Debug */,
				8509DA8E28F0D4FD006FBF94 /* Release */,
			);
			defaultConfigurationIsVisible = 0;
			defaultConfigurationName = Release;
		};
		8509DA8F28F0D4FD006FBF94 /* Build configuration list for PBXNativeTarget "Store" */ = {
			isa = XCConfigurationList;
			buildConfigurations = (
				8509DA9028F0D4FD006FBF94 /* Debug */,
				8509DA9128F0D4FD006FBF94 /* Release */,
			);
			defaultConfigurationIsVisible = 0;
			defaultConfigurationName = Release;
		};
/* End XCConfigurationList section */
	};
	rootObject = 8509DA7328F0D4FA006FBF94 /* Project object */;
}
